
Microsoft Visual Studio Solution File, Format Version 12.00
# Visual Studio Version 17
VisualStudioVersion = 17.3.32825.248
MinimumVisualStudioVersion = 10.0.40219.1
Project("{FAE04EC0-301F-11D3-BF4B-00C04F79EFBC}") = "Gauss 1", "Gauss\Gauss 1.csproj", "{1DEA207B-61C8-4089-9F50-D7C7801D2598}"
EndProject
Global
	GlobalSection(SolutionConfigurationPlatforms) = preSolution
		Debug|Any CPU = Debug|Any CPU
		Release|Any CPU = Release|Any CPU
	EndGlobalSection
	GlobalSection(ProjectConfigurationPlatforms) = postSolution
		{1DEA207B-61C8-4089-9F50-D7C7801D2598}.Debug|Any CPU.ActiveCfg = Debug|Any CPU
		{1DEA207B-61C8-4089-9F50-D7C7801D2598}.Debug|Any CPU.Build.0 = Debug|Any CPU
		{1DEA207B-61C8-4089-9F50-D7C7801D2598}.Release|Any CPU.ActiveCfg = Release|Any CPU
		{1DEA207B-61C8-4089-9F50-D7C7801D2598}.Release|Any CPU.Build.0 = Release|Any CPU
	EndGlobalSection
	GlobalSection(SolutionProperties) = preSolution
		HideSolutionNode = FALSE
	EndGlobalSection
	GlobalSection(ExtensibilityGlobals) = postSolution
		SolutionGuid = {73595D79-85FA-43F8-A3A2-D4998C41C003}
	EndGlobalSection
EndGlobal
