
Microsoft Visual Studio Solution File, Format Version 12.00
# Visual Studio Version 17
VisualStudioVersion = 17.3.32825.248
MinimumVisualStudioVersion = 10.0.40219.1
Project("{FAE04EC0-301F-11D3-BF4B-00C04F79EFBC}") = "Chord_and_Tangent", "Chord_and_Tangent\Chord_and_Tangent.csproj", "{2147B6D3-29B1-431C-8063-89887EEBC4B6}"
EndProject
Global
	GlobalSection(SolutionConfigurationPlatforms) = preSolution
		Debug|Any CPU = Debug|Any CPU
		Release|Any CPU = Release|Any CPU
	EndGlobalSection
	GlobalSection(ProjectConfigurationPlatforms) = postSolution
		{2147B6D3-29B1-431C-8063-89887EEBC4B6}.Debug|Any CPU.ActiveCfg = Debug|Any CPU
		{2147B6D3-29B1-431C-8063-89887EEBC4B6}.Debug|Any CPU.Build.0 = Debug|Any CPU
		{2147B6D3-29B1-431C-8063-89887EEBC4B6}.Release|Any CPU.ActiveCfg = Release|Any CPU
		{2147B6D3-29B1-431C-8063-89887EEBC4B6}.Release|Any CPU.Build.0 = Release|Any CPU
	EndGlobalSection
	GlobalSection(SolutionProperties) = preSolution
		HideSolutionNode = FALSE
	EndGlobalSection
	GlobalSection(ExtensibilityGlobals) = postSolution
		SolutionGuid = {470A8C21-138F-4694-9B8A-7D297C88E08E}
	EndGlobalSection
EndGlobal
